Microsoft Visual Studio Solution File, Format Version 11.00
# Visual Studio 2008

Project("{E83C3289-FDC8-59F4-0219-21DB03793D2E}") = "Row A Ball", "Assembly-CSharp.csproj", "{EFB9DC23-BA31-283A-4D5E-AC47C4828389}"
EndProject
Global
	GlobalSection(SolutionConfigurationPlatforms) = preSolution
		Debug|Any CPU = Debug|Any CPU
		Release|Any CPU = Release|Any CPU
	EndGlobalSection
	GlobalSection(ProjectConfigurationPlatforms) = postSolution
		{EFB9DC23-BA31-283A-4D5E-AC47C4828389}.Debug|Any CPU.ActiveCfg = Debug|Any CPU
		{EFB9DC23-BA31-283A-4D5E-AC47C4828389}.Debug|Any CPU.Build.0 = Debug|Any CPU
		{EFB9DC23-BA31-283A-4D5E-AC47C4828389}.Release|Any CPU.ActiveCfg = Release|Any CPU
		{EFB9DC23-BA31-283A-4D5E-AC47C4828389}.Release|Any CPU.Build.0 = Release|Any CPU
	EndGlobalSection
	GlobalSection(SolutionProperties) = preSolution
		HideSolutionNode = FALSE
	EndGlobalSection
													GlobalSection(MonoDevelopProperties) = preSolution
		StartupItem = Assembly-CSharp.csproj
		Policies = $0
		$0.TextStylePolicy = $1
		$1.inheritsSet = null
		$1.scope = text/x-csharp
		$0.CSharpFormattingPolicy = $2
		$2.inheritsSet = Mono
		$2.inheritsScope = text/x-csharp
		$2.scope = text/x-csharp
		$0.TextStylePolicy = $3
		$3.FileWidth = 120
		$3.TabWidth = 4
		$3.IndentWidth = 4
		$3.EolMarker = Unix
		$3.inheritsSet = Mono
		$3.inheritsScope = text/plain
		$3.scope = text/plain
	EndGlobalSection

EndGlobal
